
Microsoft Visual Studio Solution File, Format Version 10.00
# Visual Studio 2008
Project("{8BC9CEB8-8B4A-11D0-8D11-00A0C91BC942}") = "DLL_FORM_TEMPLATE", "DLL_FORM_TEMPLATE\DLL_FORM_TEMPLATE.vcproj", "{D2600B33-193A-4801-BBD4-4EA1B886B440}"
EndProject
Global
	GlobalSection(SolutionConfigurationPlatforms) = preSolution
		Debug|Win32 = Debug|Win32
		Release|Win32 = Release|Win32
	EndGlobalSection
	GlobalSection(ProjectConfigurationPlatforms) = postSolution
		{D2600B33-193A-4801-BBD4-4EA1B886B440}.Debug|Win32.ActiveCfg = Debug|Win32
		{D2600B33-193A-4801-BBD4-4EA1B886B440}.Debug|Win32.Build.0 = Debug|Win32
		{D2600B33-193A-4801-BBD4-4EA1B886B440}.Release|Win32.ActiveCfg = Release|Win32
		{D2600B33-193A-4801-BBD4-4EA1B886B440}.Release|Win32.Build.0 = Release|Win32
	EndGlobalSection
	GlobalSection(SolutionProperties) = preSolution
		HideSolutionNode = FALSE
	EndGlobalSection
EndGlobal
